// !$*UTF8*$!
{
	archiveVersion = 1;
	classes = {
	};
	objectVersion = 56;
	objects = {

/* Begin PBXBuildFile section */
		CC000000000000000000001A /* ChargeCapApp.swift in Sources */ = {isa = PBXBuildFile; fileRef = CC000000000000000000002A /* ChargeCapApp.swift */; };
		CC000000000000000000001B /* BatteryState.swift in Sources */ = {isa = PBXBuildFile; fileRef = CC000000000000000000002B /* BatteryState.swift */; };
		CC000000000000000000001C /* MenuBarView.swift in Sources */ = {isa = PBXBuildFile; fileRef = CC000000000000000000002C /* MenuBarView.swift */; };
		CC000000000000000000001D /* SettingsView.swift in Sources */ = {isa = PBXBuildFile; fileRef = CC000000000000000000002D /* SettingsView.swift */; };
		CC000000000000000000001E /* BatteryMonitor.swift in Sources */ = {isa = PBXBuildFile; fileRef = CC000000000000000000002E /* BatteryMonitor.swift */; };
		CC000000000000000000001F /* ChargeController.swift in Sources */ = {isa = PBXBuildFile; fileRef = CC000000000000000000002F /* ChargeController.swift */; };
		CC0000000000000000000020 /* Constants.swift in Sources */ = {isa = PBXBuildFile; fileRef = CC0000000000000000000030 /* Constants.swift */; };
		CC0000000000000000000021 /* Assets.xcassets in Resources */ = {isa = PBXBuildFile; fileRef = CC0000000000000000000031 /* Assets.xcassets */; };
		CC0000000000000000000024 /* IOKit.framework in Frameworks */ = {isa = PBXBuildFile; fileRef = CC0000000000000000000033 /* IOKit.framework */; };
		CC0000000000000000000025 /* ServiceManagement.framework in Frameworks */ = {isa = PBXBuildFile; fileRef = CC0000000000000000000034 /* ServiceManagement.framework */; };
		CC0000000000000000000026 /* StoreKit.framework in Frameworks */ = {isa = PBXBuildFile; fileRef = CC0000000000000000000035 /* StoreKit.framework */; };
		CC0000000000000000000027 /* ChargeControlModels.swift in Sources */ = {isa = PBXBuildFile; fileRef = CC0000000000000000000036 /* ChargeControlModels.swift */; };
		CC0000000000000000000028 /* AppSettings.swift in Sources */ = {isa = PBXBuildFile; fileRef = CC0000000000000000000037 /* AppSettings.swift */; };
		CC0000000000000000000029 /* ProManager.swift in Sources */ = {isa = PBXBuildFile; fileRef = CC0000000000000000000038 /* ProManager.swift */; };
		CC000000000000000000010A /* HardwareModels.swift in Sources */ = {isa = PBXBuildFile; fileRef = CC0000000000000000000039 /* HardwareModels.swift */; };
		CC000000000000000000010C /* LiveProStoreService.swift in Sources */ = {isa = PBXBuildFile; fileRef = CC000000000000000000003B /* LiveProStoreService.swift */; };
		CC000000000000000000010B /* HardwareMonitor.swift in Sources */ = {isa = PBXBuildFile; fileRef = CC000000000000000000003A /* HardwareMonitor.swift */; };
		CC0000000000000000000101 /* PrivilegedHelperManager.swift in Sources */ = {isa = PBXBuildFile; fileRef = CC0000000000000000000111 /* PrivilegedHelperManager.swift */; };
		CC0000000000000000000102 /* ChargeCapHelperProtocol.swift in Sources */ = {isa = PBXBuildFile; fileRef = CC0000000000000000000113 /* ChargeCapHelperProtocol.swift */; };
		CC0000000000000000000103 /* ChargeCapHelperProtocol.swift in Sources */ = {isa = PBXBuildFile; fileRef = CC0000000000000000000113 /* ChargeCapHelperProtocol.swift */; };
		CC0000000000000000000104 /* ChargeCapHelper in CopyFiles */ = {isa = PBXBuildFile; fileRef = CC0000000000000000000112 /* ChargeCapHelper */; settings = {ATTRIBUTES = (CodeSignOnCopy, ); }; };
		CC0000000000000000000105 /* main.swift in Sources */ = {isa = PBXBuildFile; fileRef = CC0000000000000000000114 /* main.swift */; };
		CC0000000000000000000106 /* HelperTool.swift in Sources */ = {isa = PBXBuildFile; fileRef = CC0000000000000000000115 /* HelperTool.swift */; };
		CC0000000000000000000107 /* SMC.swift in Sources */ = {isa = PBXBuildFile; fileRef = CC0000000000000000000116 /* SMC.swift */; };
		CC0000000000000000000311 /* BatteryMonitorTests.swift in Sources */ = {isa = PBXBuildFile; fileRef = CC0000000000000000000301 /* BatteryMonitorTests.swift */; };
		CC0000000000000000000312 /* BatteryStateTests.swift in Sources */ = {isa = PBXBuildFile; fileRef = CC0000000000000000000302 /* BatteryStateTests.swift */; };
		CC0000000000000000000313 /* ChargeControllerTests.swift in Sources */ = {isa = PBXBuildFile; fileRef = CC0000000000000000000303 /* ChargeControllerTests.swift */; };
		CC0000000000000000000314 /* ChargeControlModelsTests.swift in Sources */ = {isa = PBXBuildFile; fileRef = CC0000000000000000000304 /* ChargeControlModelsTests.swift */; };
		CC0000000000000000000315 /* HardwareModelsTests.swift in Sources */ = {isa = PBXBuildFile; fileRef = CC0000000000000000000305 /* HardwareModelsTests.swift */; };
		CC0000000000000000000316 /* AppSettingsTests.swift in Sources */ = {isa = PBXBuildFile; fileRef = CC0000000000000000000306 /* AppSettingsTests.swift */; };
		CC0000000000000000000317 /* HardwareMonitorTests.swift in Sources */ = {isa = PBXBuildFile; fileRef = CC0000000000000000000307 /* HardwareMonitorTests.swift */; };
		CC0000000000000000000318 /* PrivilegedHelperManagerTests.swift in Sources */ = {isa = PBXBuildFile; fileRef = CC0000000000000000000308 /* PrivilegedHelperManagerTests.swift */; };
		CC0000000000000000000319 /* ProManagerTests.swift in Sources */ = {isa = PBXBuildFile; fileRef = CC0000000000000000000309 /* ProManagerTests.swift */; };
		FDF8B4AC2F8FF964008B977E /* IOKit.framework in Frameworks */ = {isa = PBXBuildFile; fileRef = CC0000000000000000000033 /* IOKit.framework */; };
/* End PBXBuildFile section */

/* Begin PBXContainerItemProxy section */
		CC0000000000000000000340 /* PBXContainerItemProxy */ = {
			isa = PBXContainerItemProxy;
			containerPortal = CC0000000000000000000090 /* Project object */;
			proxyType = 1;
			remoteGlobalIDString = CC0000000000000000000070;
			remoteInfo = ChargeCap;
		};
/* End PBXContainerItemProxy section */

/* Begin PBXCopyFilesBuildPhase section */
		CC000000000000000000004A /* CopyFiles */ = {
			isa = PBXCopyFilesBuildPhase;
			buildActionMask = 2147483647;
			dstPath = Contents/Library/LaunchServices;
			dstSubfolderSpec = 1;
			files = (
				CC0000000000000000000104 /* ChargeCapHelper in CopyFiles */,
			);
			runOnlyForDeploymentPostprocessing = 0;
		};
/* End PBXCopyFilesBuildPhase section */

/* Begin PBXFileReference section */
		CC0000000000000000000022 /* ChargeCap.app */ = {isa = PBXFileReference; explicitFileType = wrapper.application; includeInIndex = 0; path = ChargeCap.app; sourceTree = BUILT_PRODUCTS_DIR; };
		CC000000000000000000002A /* ChargeCapApp.swift */ = {isa = PBXFileReference; lastKnownFileType = sourcecode.swift; path = ChargeCapApp.swift; sourceTree = "<group>"; };
		CC000000000000000000002B /* BatteryState.swift */ = {isa = PBXFileReference; lastKnownFileType = sourcecode.swift; path = BatteryState.swift; sourceTree = "<group>"; };
		CC000000000000000000002C /* MenuBarView.swift */ = {isa = PBXFileReference; lastKnownFileType = sourcecode.swift; path = MenuBarView.swift; sourceTree = "<group>"; };
		CC000000000000000000002D /* SettingsView.swift */ = {isa = PBXFileReference; lastKnownFileType = sourcecode.swift; path = SettingsView.swift; sourceTree = "<group>"; };
		CC000000000000000000002E /* BatteryMonitor.swift */ = {isa = PBXFileReference; lastKnownFileType = sourcecode.swift; path = BatteryMonitor.swift; sourceTree = "<group>"; };
		CC000000000000000000002F /* ChargeController.swift */ = {isa = PBXFileReference; lastKnownFileType = sourcecode.swift; path = ChargeController.swift; sourceTree = "<group>"; };
		CC0000000000000000000030 /* Constants.swift */ = {isa = PBXFileReference; lastKnownFileType = sourcecode.swift; path = Constants.swift; sourceTree = "<group>"; };
		CC0000000000000000000031 /* Assets.xcassets */ = {isa = PBXFileReference; lastKnownFileType = folder.assetcatalog; path = Assets.xcassets; sourceTree = "<group>"; };
		CC0000000000000000000032 /* Info.plist */ = {isa = PBXFileReference; lastKnownFileType = text.plist.xml; path = Info.plist; sourceTree = "<group>"; };
		CC0000000000000000000033 /* IOKit.framework */ = {isa = PBXFileReference; lastKnownFileType = wrapper.framework; name = IOKit.framework; path = System/Library/Frameworks/IOKit.framework; sourceTree = SDKROOT; };
		CC0000000000000000000034 /* ServiceManagement.framework */ = {isa = PBXFileReference; lastKnownFileType = wrapper.framework; name = ServiceManagement.framework; path = System/Library/Frameworks/ServiceManagement.framework; sourceTree = SDKROOT; };
		CC0000000000000000000035 /* StoreKit.framework */ = {isa = PBXFileReference; lastKnownFileType = wrapper.framework; name = StoreKit.framework; path = System/Library/Frameworks/StoreKit.framework; sourceTree = SDKROOT; };
		CC0000000000000000000036 /* ChargeControlModels.swift */ = {isa = PBXFileReference; lastKnownFileType = sourcecode.swift; path = ChargeControlModels.swift; sourceTree = "<group>"; };
		CC0000000000000000000037 /* AppSettings.swift */ = {isa = PBXFileReference; lastKnownFileType = sourcecode.swift; path = AppSettings.swift; sourceTree = "<group>"; };
		CC0000000000000000000038 /* ProManager.swift */ = {isa = PBXFileReference; lastKnownFileType = sourcecode.swift; path = ProManager.swift; sourceTree = "<group>"; };
		CC0000000000000000000039 /* HardwareModels.swift */ = {isa = PBXFileReference; lastKnownFileType = sourcecode.swift; path = HardwareModels.swift; sourceTree = "<group>"; };
		CC000000000000000000003A /* HardwareMonitor.swift */ = {isa = PBXFileReference; lastKnownFileType = sourcecode.swift; path = HardwareMonitor.swift; sourceTree = "<group>"; };
		CC000000000000000000003B /* LiveProStoreService.swift */ = {isa = PBXFileReference; lastKnownFileType = sourcecode.swift; path = LiveProStoreService.swift; sourceTree = "<group>"; };
		CC0000000000000000000111 /* PrivilegedHelperManager.swift */ = {isa = PBXFileReference; lastKnownFileType = sourcecode.swift; path = PrivilegedHelperManager.swift; sourceTree = "<group>"; };
		CC0000000000000000000112 /* ChargeCapHelper */ = {isa = PBXFileReference; explicitFileType = "compiled.mach-o.executable"; includeInIndex = 0; path = ChargeCapHelper; sourceTree = BUILT_PRODUCTS_DIR; };
		CC0000000000000000000113 /* ChargeCapHelperProtocol.swift */ = {isa = PBXFileReference; lastKnownFileType = sourcecode.swift; path = ChargeCapHelperProtocol.swift; sourceTree = "<group>"; };
		CC0000000000000000000114 /* main.swift */ = {isa = PBXFileReference; lastKnownFileType = sourcecode.swift; path = main.swift; sourceTree = "<group>"; };
		CC0000000000000000000115 /* HelperTool.swift */ = {isa = PBXFileReference; lastKnownFileType = sourcecode.swift; path = HelperTool.swift; sourceTree = "<group>"; };
		CC0000000000000000000116 /* SMC.swift */ = {isa = PBXFileReference; lastKnownFileType = sourcecode.swift; path = SMC.swift; sourceTree = "<group>"; };
		CC0000000000000000000117 /* Helper-Info.plist */ = {isa = PBXFileReference; lastKnownFileType = text.plist.xml; path = "Helper-Info.plist"; sourceTree = "<group>"; };
		CC0000000000000000000118 /* Helper-Launchd.plist */ = {isa = PBXFileReference; lastKnownFileType = text.plist.xml; path = "Helper-Launchd.plist"; sourceTree = "<group>"; };
		CC0000000000000000000301 /* BatteryMonitorTests.swift */ = {isa = PBXFileReference; lastKnownFileType = sourcecode.swift; path = BatteryMonitorTests.swift; sourceTree = "<group>"; };
		CC0000000000000000000302 /* BatteryStateTests.swift */ = {isa = PBXFileReference; lastKnownFileType = sourcecode.swift; path = BatteryStateTests.swift; sourceTree = "<group>"; };
		CC0000000000000000000303 /* ChargeControllerTests.swift */ = {isa = PBXFileReference; lastKnownFileType = sourcecode.swift; path = ChargeControllerTests.swift; sourceTree = "<group>"; };
		CC0000000000000000000304 /* ChargeControlModelsTests.swift */ = {isa = PBXFileReference; lastKnownFileType = sourcecode.swift; path = ChargeControlModelsTests.swift; sourceTree = "<group>"; };
		CC0000000000000000000305 /* HardwareModelsTests.swift */ = {isa = PBXFileReference; lastKnownFileType = sourcecode.swift; path = HardwareModelsTests.swift; sourceTree = "<group>"; };
		CC0000000000000000000306 /* AppSettingsTests.swift */ = {isa = PBXFileReference; lastKnownFileType = sourcecode.swift; path = AppSettingsTests.swift; sourceTree = "<group>"; };
		CC0000000000000000000307 /* HardwareMonitorTests.swift */ = {isa = PBXFileReference; lastKnownFileType = sourcecode.swift; path = HardwareMonitorTests.swift; sourceTree = "<group>"; };
		CC0000000000000000000308 /* PrivilegedHelperManagerTests.swift */ = {isa = PBXFileReference; lastKnownFileType = sourcecode.swift; path = PrivilegedHelperManagerTests.swift; sourceTree = "<group>"; };
		CC0000000000000000000309 /* ProManagerTests.swift */ = {isa = PBXFileReference; lastKnownFileType = sourcecode.swift; path = ProManagerTests.swift; sourceTree = "<group>"; };
		CC0000000000000000000310 /* ChargeCapTests.xctest */ = {isa = PBXFileReference; explicitFileType = wrapper.cfbundle; includeInIndex = 0; path = ChargeCapTests.xctest; sourceTree = BUILT_PRODUCTS_DIR; };
/* End PBXFileReference section */

/* Begin PBXFrameworksBuildPhase section */
		CC000000000000000000004D /* Frameworks */ = {
			isa = PBXFrameworksBuildPhase;
			buildActionMask = 2147483647;
			files = (
				FDF8B4AC2F8FF964008B977E /* IOKit.framework in Frameworks */,
			);
			runOnlyForDeploymentPostprocessing = 0;
		};
		CC0000000000000000000120 /* Frameworks */ = {
			isa = PBXFrameworksBuildPhase;
			buildActionMask = 2147483647;
			files = (
				CC0000000000000000000024 /* IOKit.framework in Frameworks */,
				CC0000000000000000000025 /* ServiceManagement.framework in Frameworks */,
				CC0000000000000000000026 /* StoreKit.framework in Frameworks */,
			);
			runOnlyForDeploymentPostprocessing = 0;
		};
		CC0000000000000000000331 /* Frameworks */ = {
			isa = PBXFrameworksBuildPhase;
			buildActionMask = 2147483647;
			files = (
			);
			runOnlyForDeploymentPostprocessing = 0;
		};
/* End PBXFrameworksBuildPhase section */

/* Begin PBXGroup section */
		CC0000000000000000000050 /* ChargeCap */ = {
			isa = PBXGroup;
			children = (
				CC000000000000000000002A /* ChargeCapApp.swift */,
				CC0000000000000000000060 /* Models */,
				CC0000000000000000000061 /* Views */,
				CC0000000000000000000062 /* Services */,
				CC0000000000000000000063 /* Helpers */,
				CC0000000000000000000031 /* Assets.xcassets */,
				CC0000000000000000000032 /* Info.plist */,
			);
			path = ChargeCap;
			sourceTree = "<group>";
		};
		CC0000000000000000000051 /* Products */ = {
			isa = PBXGroup;
			children = (
				CC0000000000000000000022 /* ChargeCap.app */,
				CC0000000000000000000112 /* ChargeCapHelper */,
				CC0000000000000000000310 /* ChargeCapTests.xctest */,
			);
			name = Products;
			sourceTree = "<group>";
		};
		CC0000000000000000000052 = {
			isa = PBXGroup;
			children = (
				CC0000000000000000000064 /* Shared */,
				CC0000000000000000000050 /* ChargeCap */,
				CC0000000000000000000065 /* ChargeCapHelper */,
				CC0000000000000000000320 /* ChargeCapTests */,
				CC0000000000000000000033 /* IOKit.framework */,
				CC0000000000000000000034 /* ServiceManagement.framework */,
				CC0000000000000000000035 /* StoreKit.framework */,
				CC0000000000000000000051 /* Products */,
			);
			sourceTree = "<group>";
		};
		CC0000000000000000000060 /* Models */ = {
			isa = PBXGroup;
			children = (
				CC000000000000000000002B /* BatteryState.swift */,
				CC0000000000000000000036 /* ChargeControlModels.swift */,
				CC0000000000000000000039 /* HardwareModels.swift */,
			);
			path = Models;
			sourceTree = "<group>";
		};
		CC0000000000000000000061 /* Views */ = {
			isa = PBXGroup;
			children = (
				CC000000000000000000002C /* MenuBarView.swift */,
				CC000000000000000000002D /* SettingsView.swift */,
			);
			path = Views;
			sourceTree = "<group>";
		};
		CC0000000000000000000062 /* Services */ = {
			isa = PBXGroup;
			children = (
				CC0000000000000000000037 /* AppSettings.swift */,
				CC000000000000000000002E /* BatteryMonitor.swift */,
				CC000000000000000000002F /* ChargeController.swift */,
				CC000000000000000000003A /* HardwareMonitor.swift */,
				CC0000000000000000000111 /* PrivilegedHelperManager.swift */,
				CC0000000000000000000038 /* ProManager.swift */,
			);
			path = Services;
			sourceTree = "<group>";
		};
		CC0000000000000000000063 /* Helpers */ = {
			isa = PBXGroup;
			children = (
				CC0000000000000000000030 /* Constants.swift */,
				CC000000000000000000003B /* LiveProStoreService.swift */,
			);
			path = Helpers;
			sourceTree = "<group>";
		};
		CC0000000000000000000064 /* Shared */ = {
			isa = PBXGroup;
			children = (
				CC0000000000000000000113 /* ChargeCapHelperProtocol.swift */,
			);
			path = Shared;
			sourceTree = "<group>";
		};
		CC0000000000000000000065 /* ChargeCapHelper */ = {
			isa = PBXGroup;
			children = (
				CC0000000000000000000114 /* main.swift */,
				CC0000000000000000000115 /* HelperTool.swift */,
				CC0000000000000000000116 /* SMC.swift */,
				CC0000000000000000000117 /* Helper-Info.plist */,
				CC0000000000000000000118 /* Helper-Launchd.plist */,
			);
			path = ChargeCapHelper;
			sourceTree = "<group>";
		};
		CC0000000000000000000320 /* ChargeCapTests */ = {
			isa = PBXGroup;
			children = (
				CC0000000000000000000301 /* BatteryMonitorTests.swift */,
				CC0000000000000000000302 /* BatteryStateTests.swift */,
				CC0000000000000000000303 /* ChargeControllerTests.swift */,
				CC0000000000000000000304 /* ChargeControlModelsTests.swift */,
				CC0000000000000000000305 /* HardwareModelsTests.swift */,
				CC0000000000000000000306 /* AppSettingsTests.swift */,
				CC0000000000000000000307 /* HardwareMonitorTests.swift */,
				CC0000000000000000000308 /* PrivilegedHelperManagerTests.swift */,
				CC0000000000000000000309 /* ProManagerTests.swift */,
			);
			path = ChargeCapTests;
			sourceTree = "<group>";
		};
/* End PBXGroup section */

/* Begin PBXNativeTarget section */
		CC0000000000000000000070 /* ChargeCap */ = {
			isa = PBXNativeTarget;
			buildConfigurationList = CC0000000000000000000080 /* Build configuration list for PBXNativeTarget "ChargeCap" */;
			buildPhases = (
				CC0000000000000000000121 /* Sources */,
				CC0000000000000000000120 /* Frameworks */,
				CC0000000000000000000122 /* Resources */,
				CC000000000000000000004A /* CopyFiles */,
				CC0000000000000000000201 /* Copy Helper Launchd Plist */,
			);
			buildRules = (
			);
			dependencies = (
			);
			name = ChargeCap;
			productName = ChargeCap;
			productReference = CC0000000000000000000022 /* ChargeCap.app */;
			productType = "com.apple.product-type.application";
		};
		CC0000000000000000000071 /* ChargeCapHelper */ = {
			isa = PBXNativeTarget;
			buildConfigurationList = CC0000000000000000000082 /* Build configuration list for PBXNativeTarget "ChargeCapHelper" */;
			buildPhases = (
				CC0000000000000000000200 /* Preprocess Helper-Info.plist */,
				CC000000000000000000004E /* Sources */,
				CC000000000000000000004D /* Frameworks */,
			);
			buildRules = (
			);
			dependencies = (
			);
			name = ChargeCapHelper;
			productName = ChargeCapHelper;
			productReference = CC0000000000000000000112 /* ChargeCapHelper */;
			productType = "com.apple.product-type.tool";
		};
		CC0000000000000000000072 /* ChargeCapTests */ = {
			isa = PBXNativeTarget;
			buildConfigurationList = CC0000000000000000000083 /* Build configuration list for PBXNativeTarget "ChargeCapTests" */;
			buildPhases = (
				CC0000000000000000000330 /* Sources */,
				CC0000000000000000000331 /* Frameworks */,
				CC0000000000000000000332 /* Resources */,
			);
			buildRules = (
			);
			dependencies = (
				CC0000000000000000000341 /* PBXTargetDependency */,
			);
			name = ChargeCapTests;
			productName = ChargeCapTests;
			productReference = CC0000000000000000000310 /* ChargeCapTests.xctest */;
			productType = "com.apple.product-type.bundle.unit-test";
		};
/* End PBXNativeTarget section */

/* Begin PBXProject section */
		CC0000000000000000000090 /* Project object */ = {
			isa = PBXProject;
			attributes = {
				BuildIndependentTargetsInParallel = 1;
				LastSwiftUpdateCheck = 1500;
				LastUpgradeCheck = 2630;
				TargetAttributes = {
					CC0000000000000000000070 = {
						CreatedOnToolsVersion = 15.0;
					};
					CC0000000000000000000071 = {
						CreatedOnToolsVersion = 15.0;
					};
					CC0000000000000000000072 = {
						CreatedOnToolsVersion = 15.0;
					};
				};
			};
			buildConfigurationList = CC0000000000000000000081 /* Build configuration list for PBXProject "ChargeCap" */;
			compatibilityVersion = "Xcode 14.0";
			developmentRegion = en;
			hasScannedForEncodings = 0;
			knownRegions = (
				en,
				Base,
			);
			mainGroup = CC0000000000000000000052;
			productRefGroup = CC0000000000000000000051 /* Products */;
			projectDirPath = "";
			projectRoot = "";
			targets = (
				CC0000000000000000000070 /* ChargeCap */,
				CC0000000000000000000071 /* ChargeCapHelper */,
				CC0000000000000000000072 /* ChargeCapTests */,
			);
		};
/* End PBXProject section */

/* Begin PBXResourcesBuildPhase section */
		CC0000000000000000000122 /* Resources */ = {
			isa = PBXResourcesBuildPhase;
			buildActionMask = 2147483647;
			files = (
				CC0000000000000000000021 /* Assets.xcassets in Resources */,
			);
			runOnlyForDeploymentPostprocessing = 0;
		};
		CC0000000000000000000332 /* Resources */ = {
			isa = PBXResourcesBuildPhase;
			buildActionMask = 2147483647;
			files = (
			);
			runOnlyForDeploymentPostprocessing = 0;
		};
/* End PBXResourcesBuildPhase section */

/* Begin PBXShellScriptBuildPhase section */
		CC0000000000000000000200 /* Preprocess Helper-Info.plist */ = {
			isa = PBXShellScriptBuildPhase;
			buildActionMask = 2147483647;
			files = (
			);
			inputFileListPaths = (
			);
			inputPaths = (
				"$(SRCROOT)/ChargeCapHelper/Helper-Info.plist",
			);
			name = "Preprocess Helper-Info.plist";
			outputFileListPaths = (
			);
			outputPaths = (
				"$(DERIVED_FILE_DIR)/Helper-Info.plist",
			);
			runOnlyForDeploymentPostprocessing = 0;
			shellPath = /bin/sh;
			shellScript = "sed \"s/\\$(DEVELOPMENT_TEAM)/${DEVELOPMENT_TEAM}/g\" \"${SRCROOT}/ChargeCapHelper/Helper-Info.plist\" > \"${DERIVED_FILE_DIR}/Helper-Info.plist\"\n";
		};
		CC0000000000000000000201 /* Copy Helper Launchd Plist */ = {
			isa = PBXShellScriptBuildPhase;
			buildActionMask = 2147483647;
			files = (
			);
			inputFileListPaths = (
			);
			inputPaths = (
				"$(SRCROOT)/ChargeCapHelper/Helper-Launchd.plist",
			);
			name = "Copy Helper Launchd Plist";
			outputFileListPaths = (
			);
			outputPaths = (
				"$(BUILT_PRODUCTS_DIR)/$(WRAPPER_NAME)/Contents/Library/LaunchDaemons/com.chargecap.Helper.plist",
			);
			runOnlyForDeploymentPostprocessing = 0;
			shellPath = /bin/sh;
			shellScript = "mkdir -p \"${BUILT_PRODUCTS_DIR}/${WRAPPER_NAME}/Contents/Library/LaunchDaemons\"\ncp \"${SRCROOT}/ChargeCapHelper/Helper-Launchd.plist\" \"${BUILT_PRODUCTS_DIR}/${WRAPPER_NAME}/Contents/Library/LaunchDaemons/com.chargecap.Helper.plist\"\n";
		};
/* End PBXShellScriptBuildPhase section */

/* Begin PBXSourcesBuildPhase section */
		CC000000000000000000004E /* Sources */ = {
			isa = PBXSourcesBuildPhase;
			buildActionMask = 2147483647;
			files = (
				CC0000000000000000000105 /* main.swift in Sources */,
				CC0000000000000000000106 /* HelperTool.swift in Sources */,
				CC0000000000000000000107 /* SMC.swift in Sources */,
				CC0000000000000000000103 /* ChargeCapHelperProtocol.swift in Sources */,
			);
			runOnlyForDeploymentPostprocessing = 0;
		};
		CC0000000000000000000121 /* Sources */ = {
			isa = PBXSourcesBuildPhase;
			buildActionMask = 2147483647;
			files = (
				CC000000000000000000001A /* ChargeCapApp.swift in Sources */,
				CC000000000000000000001B /* BatteryState.swift in Sources */,
				CC0000000000000000000027 /* ChargeControlModels.swift in Sources */,
				CC000000000000000000010A /* HardwareModels.swift in Sources */,
				CC000000000000000000001C /* MenuBarView.swift in Sources */,
				CC000000000000000000001D /* SettingsView.swift in Sources */,
				CC0000000000000000000028 /* AppSettings.swift in Sources */,
				CC000000000000000000001E /* BatteryMonitor.swift in Sources */,
				CC000000000000000000001F /* ChargeController.swift in Sources */,
				CC000000000000000000010B /* HardwareMonitor.swift in Sources */,
				CC0000000000000000000101 /* PrivilegedHelperManager.swift in Sources */,
				CC0000000000000000000029 /* ProManager.swift in Sources */,
				CC000000000000000000010C /* LiveProStoreService.swift in Sources */,
				CC0000000000000000000020 /* Constants.swift in Sources */,
				CC0000000000000000000102 /* ChargeCapHelperProtocol.swift in Sources */,
			);
			runOnlyForDeploymentPostprocessing = 0;
		};
		CC0000000000000000000330 /* Sources */ = {
			isa = PBXSourcesBuildPhase;
			buildActionMask = 2147483647;
			files = (
				CC0000000000000000000311 /* BatteryMonitorTests.swift in Sources */,
				CC0000000000000000000312 /* BatteryStateTests.swift in Sources */,
				CC0000000000000000000313 /* ChargeControllerTests.swift in Sources */,
				CC0000000000000000000314 /* ChargeControlModelsTests.swift in Sources */,
				CC0000000000000000000315 /* HardwareModelsTests.swift in Sources */,
				CC0000000000000000000316 /* AppSettingsTests.swift in Sources */,
				CC0000000000000000000317 /* HardwareMonitorTests.swift in Sources */,
				CC0000000000000000000318 /* PrivilegedHelperManagerTests.swift in Sources */,
				CC0000000000000000000319 /* ProManagerTests.swift in Sources */,
			);
			runOnlyForDeploymentPostprocessing = 0;
		};
/* End PBXSourcesBuildPhase section */

/* Begin PBXTargetDependency section */
		CC0000000000000000000341 /* PBXTargetDependency */ = {
			isa = PBXTargetDependency;
			target = CC0000000000000000000070 /* ChargeCap */;
			targetProxy = CC0000000000000000000340 /* PBXContainerItemProxy */;
		};
/* End PBXTargetDependency section */

/* Begin XCBuildConfiguration section */
		CC00000000000000000000A0 /* Debug */ = {
			isa = XCBuildConfiguration;
			buildSettings = {
				ALWAYS_SEARCH_USER_PATHS = NO;
				ASSETCATALOG_COMPILER_GENERATE_SWIFT_ASSET_SYMBOL_EXTENSIONS = YES;
				CLANG_ANALYZER_NONNULL = YES;
				CLANG_ANALYZER_NUMBER_OBJECT_CONVERSION = YES_AGGRESSIVE;
				CLANG_CXX_LANGUAGE_STANDARD = "gnu++20";
				CLANG_ENABLE_MODULES = YES;
				CLANG_ENABLE_OBJC_ARC = YES;
				CLANG_ENABLE_OBJC_WEAK = YES;
				CLANG_WARN_BLOCK_CAPTURE_AUTORELEASING = YES;
				CLANG_WARN_BOOL_CONVERSION = YES;
				CLANG_WARN_COMMA = YES;
				CLANG_WARN_CONSTANT_CONVERSION = YES;
				CLANG_WARN_DEPRECATED_OBJC_IMPLEMENTATIONS = YES;
				CLANG_WARN_DIRECT_OBJC_ISA_USAGE = YES_ERROR;
				CLANG_WARN_DOCUMENTATION_COMMENTS = YES;
				CLANG_WARN_EMPTY_BODY = YES;
				CLANG_WARN_ENUM_CONVERSION = YES;
				CLANG_WARN_INFINITE_RECURSION = YES;
				CLANG_WARN_INT_CONVERSION = YES;
				CLANG_WARN_NON_LITERAL_NULL_CONVERSION = YES;
				CLANG_WARN_OBJC_IMPLICIT_RETAIN_CYCLE = YES;
				CLANG_WARN_OBJC_IMPLICIT_RETAIN_SELF = YES;
				CLANG_WARN_OBJC_LITERAL_CONVERSION = YES;
				CLANG_WARN_OBJC_ROOT_CLASS = YES_ERROR;
				CLANG_WARN_QUOTED_INCLUDE_IN_FRAMEWORK_HEADER = YES;
				CLANG_WARN_RANGE_LOOP_ANALYSIS = YES;
				CLANG_WARN_STRICT_PROTOTYPES = YES;
				CLANG_WARN_SUSPICIOUS_MOVE = YES;
				CLANG_WARN_UNGUARDED_AVAILABILITY = YES_AGGRESSIVE;
				CLANG_WARN_UNREACHABLE_CODE = YES;
				CLANG_WARN__DUPLICATE_METHOD_EXCEPTION = YES;
				CLANG_WARN__DUPLICATE_METHOD_MATCH = YES;
				COPY_PHASE_STRIP = NO;
				DEAD_CODE_STRIPPING = YES;
				DEBUG_INFORMATION_FORMAT = dwarf;
				ENABLE_STRICT_OBJC_MSGSEND = YES;
				ENABLE_TESTABILITY = YES;
				ENABLE_USER_SCRIPT_SANDBOXING = YES;
				GCC_C_LANGUAGE_STANDARD = gnu17;
				GCC_DYNAMIC_NO_PIC = NO;
				GCC_NO_COMMON_BLOCKS = YES;
				GCC_OPTIMIZATION_LEVEL = 0;
				GCC_PREPROCESSOR_DEFINITIONS = (
					"DEBUG=1",
					"$(inherited)",
				);
				GCC_WARN_64_TO_32_BIT_CONVERSION = YES;
				GCC_WARN_ABOUT_RETURN_TYPE = YES_ERROR;
				GCC_WARN_UNDECLARED_SELECTOR = YES;
				GCC_WARN_UNINITIALIZED_AUTOS = YES_AGGRESSIVE;
				GCC_WARN_UNUSED_FUNCTION = YES;
				GCC_WARN_UNUSED_VARIABLE = YES;
				LOCALIZATION_PREFERS_STRING_CATALOGS = YES;
				MACOSX_DEPLOYMENT_TARGET = 26.0;
				MTL_ENABLE_DEBUG_INFO = INCLUDE_SOURCE;
				MTL_FAST_MATH = YES;
				ONLY_ACTIVE_ARCH = YES;
				SDKROOT = macosx;
				STRING_CATALOG_GENERATE_SYMBOLS = YES;
				SWIFT_ACTIVE_COMPILATION_CONDITIONS = "DEBUG $(inherited)";
				SWIFT_OPTIMIZATION_LEVEL = "-Onone";
			};
			name = Debug;
		};
		CC00000000000000000000A1 /* Release */ = {
			isa = XCBuildConfiguration;
			buildSettings = {
				ALWAYS_SEARCH_USER_PATHS = NO;
				ASSETCATALOG_COMPILER_GENERATE_SWIFT_ASSET_SYMBOL_EXTENSIONS = YES;
				CLANG_ANALYZER_NONNULL = YES;
				CLANG_ANALYZER_NUMBER_OBJECT_CONVERSION = YES_AGGRESSIVE;
				CLANG_CXX_LANGUAGE_STANDARD = "gnu++20";
				CLANG_ENABLE_MODULES = YES;
				CLANG_ENABLE_OBJC_ARC = YES;
				CLANG_ENABLE_OBJC_WEAK = YES;
				CLANG_WARN_BLOCK_CAPTURE_AUTORELEASING = YES;
				CLANG_WARN_BOOL_CONVERSION = YES;
				CLANG_WARN_COMMA = YES;
				CLANG_WARN_CONSTANT_CONVERSION = YES;
				CLANG_WARN_DEPRECATED_OBJC_IMPLEMENTATIONS = YES;
				CLANG_WARN_DIRECT_OBJC_ISA_USAGE = YES_ERROR;
				CLANG_WARN_DOCUMENTATION_COMMENTS = YES;
				CLANG_WARN_EMPTY_BODY = YES;
				CLANG_WARN_ENUM_CONVERSION = YES;
				CLANG_WARN_INFINITE_RECURSION = YES;
				CLANG_WARN_INT_CONVERSION = YES;
				CLANG_WARN_NON_LITERAL_NULL_CONVERSION = YES;
				CLANG_WARN_OBJC_IMPLICIT_RETAIN_CYCLE = YES;
				CLANG_WARN_OBJC_IMPLICIT_RETAIN_SELF = YES;
				CLANG_WARN_OBJC_LITERAL_CONVERSION = YES;
				CLANG_WARN_OBJC_ROOT_CLASS = YES_ERROR;
				CLANG_WARN_QUOTED_INCLUDE_IN_FRAMEWORK_HEADER = YES;
				CLANG_WARN_RANGE_LOOP_ANALYSIS = YES;
				CLANG_WARN_STRICT_PROTOTYPES = YES;
				CLANG_WARN_SUSPICIOUS_MOVE = YES;
				CLANG_WARN_UNGUARDED_AVAILABILITY = YES_AGGRESSIVE;
				CLANG_WARN_UNREACHABLE_CODE = YES;
				CLANG_WARN__DUPLICATE_METHOD_EXCEPTION = YES;
				CLANG_WARN__DUPLICATE_METHOD_MATCH = YES;
				COPY_PHASE_STRIP = NO;
				DEAD_CODE_STRIPPING = YES;
				DEBUG_INFORMATION_FORMAT = "dwarf-with-dsym";
				ENABLE_NS_ASSERTIONS = NO;
				ENABLE_STRICT_OBJC_MSGSEND = YES;
				ENABLE_USER_SCRIPT_SANDBOXING = YES;
				GCC_C_LANGUAGE_STANDARD = gnu17;
				GCC_NO_COMMON_BLOCKS = YES;
				GCC_WARN_64_TO_32_BIT_CONVERSION = YES;
				GCC_WARN_ABOUT_RETURN_TYPE = YES_ERROR;
				GCC_WARN_UNDECLARED_SELECTOR = YES;
				GCC_WARN_UNINITIALIZED_AUTOS = YES_AGGRESSIVE;
				GCC_WARN_UNUSED_FUNCTION = YES;
				GCC_WARN_UNUSED_VARIABLE = YES;
				LOCALIZATION_PREFERS_STRING_CATALOGS = YES;
				MACOSX_DEPLOYMENT_TARGET = 26.0;
				MTL_FAST_MATH = YES;
				SDKROOT = macosx;
				STRING_CATALOG_GENERATE_SYMBOLS = YES;
				SWIFT_COMPILATION_MODE = wholemodule;
			};
			name = Release;
		};
		CC00000000000000000000A2 /* Debug */ = {
			isa = XCBuildConfiguration;
			buildSettings = {
				ASSETCATALOG_COMPILER_APPICON_NAME = AppIcon;
				ASSETCATALOG_COMPILER_GLOBAL_ACCENT_COLOR_NAME = AccentColor;
				CODE_SIGN_ENTITLEMENTS = "";
				"CODE_SIGN_IDENTITY[sdk=macosx*]" = "Apple Development";
				CODE_SIGN_STYLE = Automatic;
				COMBINE_HIDPI_IMAGES = YES;
				CURRENT_PROJECT_VERSION = 1;
				DEAD_CODE_STRIPPING = NO;
				DEVELOPMENT_TEAM = XGCYZ8NBU4;
				GENERATE_INFOPLIST_FILE = NO;
				INFOPLIST_FILE = ChargeCap/Info.plist;
				LD_RUNPATH_SEARCH_PATHS = (
					"$(inherited)",
					"@executable_path/../Frameworks",
				);
				MACOSX_DEPLOYMENT_TARGET = 15.0;
				MARKETING_VERSION = 1.0;
				PRODUCT_BUNDLE_IDENTIFIER = com.chargecap.app;
				PRODUCT_NAME = "$(TARGET_NAME)";
				SWIFT_EMIT_LOC_STRINGS = YES;
				SWIFT_VERSION = 5.9;
			};
			name = Debug;
		};
		CC00000000000000000000A3 /* Release */ = {
			isa = XCBuildConfiguration;
			buildSettings = {
				ASSETCATALOG_COMPILER_APPICON_NAME = AppIcon;
				ASSETCATALOG_COMPILER_GLOBAL_ACCENT_COLOR_NAME = AccentColor;
				CODE_SIGN_ENTITLEMENTS = "";
				"CODE_SIGN_IDENTITY[sdk=macosx*]" = "Apple Development";
				CODE_SIGN_STYLE = Automatic;
				COMBINE_HIDPI_IMAGES = YES;
				CURRENT_PROJECT_VERSION = 1;
				DEAD_CODE_STRIPPING = YES;
				DEVELOPMENT_TEAM = XGCYZ8NBU4;
				GENERATE_INFOPLIST_FILE = NO;
				INFOPLIST_FILE = ChargeCap/Info.plist;
				LD_RUNPATH_SEARCH_PATHS = (
					"$(inherited)",
					"@executable_path/../Frameworks",
				);
				MACOSX_DEPLOYMENT_TARGET = 15.0;
				MARKETING_VERSION = 1.0;
				PRODUCT_BUNDLE_IDENTIFIER = com.chargecap.app;
				PRODUCT_NAME = "$(TARGET_NAME)";
				SWIFT_EMIT_LOC_STRINGS = YES;
				SWIFT_VERSION = 5.9;
			};
			name = Release;
		};
		CC00000000000000000000A4 /* Debug */ = {
			isa = XCBuildConfiguration;
			buildSettings = {
				CODE_SIGN_STYLE = Automatic;
				CURRENT_PROJECT_VERSION = 1;
				DEAD_CODE_STRIPPING = YES;
				ENABLE_HARDENED_RUNTIME = YES;
				GENERATE_INFOPLIST_FILE = NO;
				INFOPLIST_FILE = "ChargeCapHelper/Helper-Info.plist";
				MACOSX_DEPLOYMENT_TARGET = 15.0;
				MARKETING_VERSION = 1.0;
				OTHER_LDFLAGS = (
					"-sectcreate",
					__TEXT,
					__info_plist,
					"$(DERIVED_FILE_DIR)/Helper-Info.plist",
					"-sectcreate",
					__TEXT,
					__launchd_plist,
					"$(SRCROOT)/ChargeCapHelper/Helper-Launchd.plist",
				);
				PRODUCT_BUNDLE_IDENTIFIER = com.chargecap.Helper;
				PRODUCT_NAME = "$(TARGET_NAME)";
				SKIP_INSTALL = YES;
				SWIFT_VERSION = 5.9;
			};
			name = Debug;
		};
		CC00000000000000000000A5 /* Release */ = {
			isa = XCBuildConfiguration;
			buildSettings = {
				CODE_SIGN_STYLE = Automatic;
				CURRENT_PROJECT_VERSION = 1;
				DEAD_CODE_STRIPPING = YES;
				ENABLE_HARDENED_RUNTIME = YES;
				GENERATE_INFOPLIST_FILE = NO;
				INFOPLIST_FILE = "ChargeCapHelper/Helper-Info.plist";
				MACOSX_DEPLOYMENT_TARGET = 26.0;
				MARKETING_VERSION = 1.0;
				OTHER_LDFLAGS = (
					"-sectcreate",
					__TEXT,
					__info_plist,
					"$(DERIVED_FILE_DIR)/Helper-Info.plist",
					"-sectcreate",
					__TEXT,
					__launchd_plist,
					"$(SRCROOT)/ChargeCapHelper/Helper-Launchd.plist",
				);
				PRODUCT_BUNDLE_IDENTIFIER = com.chargecap.Helper;
				PRODUCT_NAME = "$(TARGET_NAME)";
				SKIP_INSTALL = YES;
				SWIFT_VERSION = 5.9;
			};
			name = Release;
		};
		CC00000000000000000000A6 /* Debug */ = {
			isa = XCBuildConfiguration;
			buildSettings = {
				CODE_SIGN_STYLE = Automatic;
				CURRENT_PROJECT_VERSION = 1;
				DEAD_CODE_STRIPPING = YES;
				DEVELOPMENT_TEAM = XGCYZ8NBU4;
				GENERATE_INFOPLIST_FILE = YES;
				MACOSX_DEPLOYMENT_TARGET = 15.0;
				MARKETING_VERSION = 1.0;
				PRODUCT_BUNDLE_IDENTIFIER = com.chargecap.ChargeCapTests;
				PRODUCT_NAME = "$(TARGET_NAME)";
				SWIFT_EMIT_LOC_STRINGS = NO;
				SWIFT_VERSION = 5.9;
			};
			name = Debug;
		};
		CC00000000000000000000A7 /* Release */ = {
			isa = XCBuildConfiguration;
			buildSettings = {
				CODE_SIGN_STYLE = Automatic;
				CURRENT_PROJECT_VERSION = 1;
				DEAD_CODE_STRIPPING = YES;
				DEVELOPMENT_TEAM = XGCYZ8NBU4;
				GENERATE_INFOPLIST_FILE = YES;
				MACOSX_DEPLOYMENT_TARGET = 15.0;
				MARKETING_VERSION = 1.0;
				PRODUCT_BUNDLE_IDENTIFIER = com.chargecap.ChargeCapTests;
				PRODUCT_NAME = "$(TARGET_NAME)";
				SWIFT_EMIT_LOC_STRINGS = NO;
				SWIFT_VERSION = 5.9;
			};
			name = Release;
		};
/* End XCBuildConfiguration section */

/* Begin XCConfigurationList section */
		CC0000000000000000000080 /* Build configuration list for PBXNativeTarget "ChargeCap" */ = {
			isa = XCConfigurationList;
			buildConfigurations = (
				CC00000000000000000000A2 /* Debug */,
				CC00000000000000000000A3 /* Release */,
			);
			defaultConfigurationIsVisible = 0;
			defaultConfigurationName = Release;
		};
		CC0000000000000000000081 /* Build configuration list for PBXProject "ChargeCap" */ = {
			isa = XCConfigurationList;
			buildConfigurations = (
				CC00000000000000000000A0 /* Debug */,
				CC00000000000000000000A1 /* Release */,
			);
			defaultConfigurationIsVisible = 0;
			defaultConfigurationName = Release;
		};
		CC0000000000000000000082 /* Build configuration list for PBXNativeTarget "ChargeCapHelper" */ = {
			isa = XCConfigurationList;
			buildConfigurations = (
				CC00000000000000000000A4 /* Debug */,
				CC00000000000000000000A5 /* Release */,
			);
			defaultConfigurationIsVisible = 0;
			defaultConfigurationName = Release;
		};
		CC0000000000000000000083 /* Build configuration list for PBXNativeTarget "ChargeCapTests" */ = {
			isa = XCConfigurationList;
			buildConfigurations = (
				CC00000000000000000000A6 /* Debug */,
				CC00000000000000000000A7 /* Release */,
			);
			defaultConfigurationIsVisible = 0;
			defaultConfigurationName = Release;
		};
/* End XCConfigurationList section */
	};
	rootObject = CC0000000000000000000090 /* Project object */;
}
